
Microsoft Visual Studio Solution File, Format Version 12.00
# Visual Studio Version 17
VisualStudioVersion = 17.0.31903.59
MinimumVisualStudioVersion = 10.0.40219.1
Project("{FAE04EC0-301F-11D3-BF4B-00C04F79EFBC}") = "Depths.Core", "Depths.Core\Depths.Core.csproj", "{C64B426F-402E-47FA-9093-DA933CEBF845}"
EndProject
Project("{FAE04EC0-301F-11D3-BF4B-00C04F79EFBC}") = "Depths.Tests", "Depths.Tests\Depths.Tests.csproj", "{2DA1939D-7AC1-42B4-B3D1-2C190FDB2AC1}"
EndProject
Project("{FAE04EC0-301F-11D3-BF4B-00C04F79EFBC}") = "Depths.Playtest", "Depths.Playtest\Depths.Playtest.csproj", "{40973B0D-F9EA-4744-84FC-6D077E08B97D}"
EndProject
Global
	GlobalSection(SolutionConfigurationPlatforms) = preSolution
		Debug|Any CPU = Debug|Any CPU
		Debug|x64 = Debug|x64
		Debug|x86 = Debug|x86
		Release|Any CPU = Release|Any CPU
		Release|x64 = Release|x64
		Release|x86 = Release|x86
	EndGlobalSection
	GlobalSection(ProjectConfigurationPlatforms) = postSolution
		{C64B426F-402E-47FA-9093-DA933CEBF845}.Debug|Any CPU.ActiveCfg = Debug|Any CPU
		{C64B426F-402E-47FA-9093-DA933CEBF845}.Debug|Any CPU.Build.0 = Debug|Any CPU
		{C64B426F-402E-47FA-9093-DA933CEBF845}.Debug|x64.ActiveCfg = Debug|Any CPU
		{C64B426F-402E-47FA-9093-DA933CEBF845}.Debug|x64.Build.0 = Debug|Any CPU
		{C64B426F-402E-47FA-9093-DA933CEBF845}.Debug|x86.ActiveCfg = Debug|Any CPU
		{C64B426F-402E-47FA-9093-DA933CEBF845}.Debug|x86.Build.0 = Debug|Any CPU
		{C64B426F-402E-47FA-9093-DA933CEBF845}.Release|Any CPU.ActiveCfg = Release|Any CPU
		{C64B426F-402E-47FA-9093-DA933CEBF845}.Release|Any CPU.Build.0 = Release|Any CPU
		{C64B426F-402E-47FA-9093-DA933CEBF845}.Release|x64.ActiveCfg = Release|Any CPU
		{C64B426F-402E-47FA-9093-DA933CEBF845}.Release|x64.Build.0 = Release|Any CPU
		{C64B426F-402E-47FA-9093-DA933CEBF845}.Release|x86.ActiveCfg = Release|Any CPU
		{C64B426F-402E-47FA-9093-DA933CEBF845}.Release|x86.Build.0 = Release|Any CPU
		{2DA1939D-7AC1-42B4-B3D1-2C190FDB2AC1}.Debug|Any CPU.ActiveCfg = Debug|Any CPU
		{2DA1939D-7AC1-42B4-B3D1-2C190FDB2AC1}.Debug|Any CPU.Build.0 = Debug|Any CPU
		{2DA1939D-7AC1-42B4-B3D1-2C190FDB2AC1}.Debug|x64.ActiveCfg = Debug|Any CPU
		{2DA1939D-7AC1-42B4-B3D1-2C190FDB2AC1}.Debug|x64.Build.0 = Debug|Any CPU
		{2DA1939D-7AC1-42B4-B3D1-2C190FDB2AC1}.Debug|x86.ActiveCfg = Debug|Any CPU
		{2DA1939D-7AC1-42B4-B3D1-2C190FDB2AC1}.Debug|x86.Build.0 = Debug|Any CPU
		{2DA1939D-7AC1-42B4-B3D1-2C190FDB2AC1}.Release|Any CPU.ActiveCfg = Release|Any CPU
		{2DA1939D-7AC1-42B4-B3D1-2C190FDB2AC1}.Release|Any CPU.Build.0 = Release|Any CPU
		{2DA1939D-7AC1-42B4-B3D1-2C190FDB2AC1}.Release|x64.ActiveCfg = Release|Any CPU
		{2DA1939D-7AC1-42B4-B3D1-2C190FDB2AC1}.Release|x64.Build.0 = Release|Any CPU
		{2DA1939D-7AC1-42B4-B3D1-2C190FDB2AC1}.Release|x86.ActiveCfg = Release|Any CPU
		{2DA1939D-7AC1-42B4-B3D1-2C190FDB2AC1}.Release|x86.Build.0 = Release|Any CPU
		{40973B0D-F9EA-4744-84FC-6D077E08B97D}.Debug|Any CPU.ActiveCfg = Debug|Any CPU
		{40973B0D-F9EA-4744-84FC-6D077E08B97D}.Debug|Any CPU.Build.0 = Debug|Any CPU
		{40973B0D-F9EA-4744-84FC-6D077E08B97D}.Debug|x64.ActiveCfg = Debug|Any CPU
		{40973B0D-F9EA-4744-84FC-6D077E08B97D}.Debug|x64.Build.0 = Debug|Any CPU
		{40973B0D-F9EA-4744-84FC-6D077E08B97D}.Debug|x86.ActiveCfg = Debug|Any CPU
		{40973B0D-F9EA-4744-84FC-6D077E08B97D}.Debug|x86.Build.0 = Debug|Any CPU
		{40973B0D-F9EA-4744-84FC-6D077E08B97D}.Release|Any CPU.ActiveCfg = Release|Any CPU
		{40973B0D-F9EA-4744-84FC-6D077E08B97D}.Release|Any CPU.Build.0 = Release|Any CPU
		{40973B0D-F9EA-4744-84FC-6D077E08B97D}.Release|x64.ActiveCfg = Release|Any CPU
		{40973B0D-F9EA-4744-84FC-6D077E08B97D}.Release|x64.Build.0 = Release|Any CPU
		{40973B0D-F9EA-4744-84FC-6D077E08B97D}.Release|x86.ActiveCfg = Release|Any CPU
		{40973B0D-F9EA-4744-84FC-6D077E08B97D}.Release|x86.Build.0 = Release|Any CPU
	EndGlobalSection
	GlobalSection(SolutionProperties) = preSolution
		HideSolutionNode = FALSE
	EndGlobalSection
EndGlobal
